// !$*UTF8*$!
{
	archiveVersion = 1;
	classes = {
	};
	objectVersion = 50;
	objects = {

/* Begin PBXBuildFile section */
		A558176B2673C8B900FAEFA8 /* AppDelegate.swift in Sources */ = {isa = PBXBuildFile; fileRef = A558176A2673C8B900FAEFA8 /* AppDelegate.swift */; };
		A558176D2673C8B900FAEFA8 /* SceneDelegate.swift in Sources */ = {isa = PBXBuildFile; fileRef = A558176C2673C8B900FAEFA8 /* SceneDelegate.swift */; };
		A558176F2673C8B900FAEFA8 /* AuthorizationViewController.swift in Sources */ = {isa = PBXBuildFile; fileRef = A558176E2673C8B900FAEFA8 /* AuthorizationViewController.swift */; };
		A55817742673C8BD00FAEFA8 /* Assets.xcassets in Resources */ = {isa = PBXBuildFile; fileRef = A55817732673C8BD00FAEFA8 /* Assets.xcassets */; };
		A55817772673C8BD00FAEFA8 /* LaunchScreen.storyboard in Resources */ = {isa = PBXBuildFile; fileRef = A55817752673C8BD00FAEFA8 /* LaunchScreen.storyboard */; };
		A55817872673CA8D00FAEFA8 /* Coordinatable.swift in Sources */ = {isa = PBXBuildFile; fileRef = A55817862673CA8D00FAEFA8 /* Coordinatable.swift */; };
		A558178C2673CBAE00FAEFA8 /* MVVMCoordinator.swift in Sources */ = {isa = PBXBuildFile; fileRef = A558178B2673CBAE00FAEFA8 /* MVVMCoordinator.swift */; };
		A55817932673CCA700FAEFA8 /* CoordinatorConfigurator.swift in Sources */ = {isa = PBXBuildFile; fileRef = A55817922673CCA700FAEFA8 /* CoordinatorConfigurator.swift */; };
		A55817982673D15200FAEFA8 /* AuthorizationState + Response.swift in Sources */ = {isa = PBXBuildFile; fileRef = A55817972673D15200FAEFA8 /* AuthorizationState + Response.swift */; };
		A558179D2673D1FD00FAEFA8 /* AuthorizationViewModel.swift in Sources */ = {isa = PBXBuildFile; fileRef = A558179C2673D1FD00FAEFA8 /* AuthorizationViewModel.swift */; };
		A55817A02673D54500FAEFA8 /* AuthorizationView.swift in Sources */ = {isa = PBXBuildFile; fileRef = A558179F2673D54500FAEFA8 /* AuthorizationView.swift */; };
		A55817A32673D6B400FAEFA8 /* AuthorizationView + UIElements.swift in Sources */ = {isa = PBXBuildFile; fileRef = A55817A22673D6B400FAEFA8 /* AuthorizationView + UIElements.swift */; };
		A55817AB2673D7D000FAEFA8 /* BounceButton.swift in Sources */ = {isa = PBXBuildFile; fileRef = A55817AA2673D7D000FAEFA8 /* BounceButton.swift */; };
		A55817B02673D98600FAEFA8 /* UIView.swift in Sources */ = {isa = PBXBuildFile; fileRef = A55817AF2673D98600FAEFA8 /* UIView.swift */; };
		A55817B42673D9A400FAEFA8 /* UIColor.swift in Sources */ = {isa = PBXBuildFile; fileRef = A55817B32673D9A400FAEFA8 /* UIColor.swift */; };
		A55817B82673DA4400FAEFA8 /* UIFont.swift in Sources */ = {isa = PBXBuildFile; fileRef = A55817B72673DA4400FAEFA8 /* UIFont.swift */; };
		A55828C32675003100254183 /* MVPCoordinator.swift in Sources */ = {isa = PBXBuildFile; fileRef = A55828C22675003100254183 /* MVPCoordinator.swift */; };
		A55828CB267500BF00254183 /* NewsViewController.swift in Sources */ = {isa = PBXBuildFile; fileRef = A55828CA267500BF00254183 /* NewsViewController.swift */; };
		A55828CF2675050F00254183 /* NewsPresenterInterface.swift in Sources */ = {isa = PBXBuildFile; fileRef = A55828CE2675050F00254183 /* NewsPresenterInterface.swift */; };
		A55828D22675052100254183 /* NewsPresenter.swift in Sources */ = {isa = PBXBuildFile; fileRef = A55828D12675052100254183 /* NewsPresenter.swift */; };
		A55828D5267505D200254183 /* Post.swift in Sources */ = {isa = PBXBuildFile; fileRef = A55828D4267505D200254183 /* Post.swift */; };
		A55828DA2675061100254183 /* NewsNetworkingManagerInterface.swift in Sources */ = {isa = PBXBuildFile; fileRef = A55828D92675061100254183 /* NewsNetworkingManagerInterface.swift */; };
		A55828DE2675063A00254183 /* NewsNetworkingManager.swift in Sources */ = {isa = PBXBuildFile; fileRef = A55828DD2675063A00254183 /* NewsNetworkingManager.swift */; };
		A55828E22675066C00254183 /* URLConstants.swift in Sources */ = {isa = PBXBuildFile; fileRef = A55828E12675066C00254183 /* URLConstants.swift */; };
		A55828EC26750BB300254183 /* NetworkingError.swift in Sources */ = {isa = PBXBuildFile; fileRef = A55828EB26750BB300254183 /* NetworkingError.swift */; };
		A55828F126750C8600254183 /* AlertFactory.swift in Sources */ = {isa = PBXBuildFile; fileRef = A55828F026750C8600254183 /* AlertFactory.swift */; };
		A55828F926750E7800254183 /* NewsViewControllerDataSource.swift in Sources */ = {isa = PBXBuildFile; fileRef = A55828F826750E7800254183 /* NewsViewControllerDataSource.swift */; };
		A55828FD267510E100254183 /* NewsViewContoller + UI.swift in Sources */ = {isa = PBXBuildFile; fileRef = A55828FC267510E100254183 /* NewsViewContoller + UI.swift */; };
		A55829012675117600254183 /* NewsViewControllerViewDelegate.swift in Sources */ = {isa = PBXBuildFile; fileRef = A55829002675117600254183 /* NewsViewControllerViewDelegate.swift */; };
		A5C8BC84267FC05100A81589 /* AdapterCoordinator.swift in Sources */ = {isa = PBXBuildFile; fileRef = A5C8BC83267FC05100A81589 /* AdapterCoordinator.swift */; };
		A5C8BC8C267FC0F400A81589 /* AuthenticationViewController + UI.swift in Sources */ = {isa = PBXBuildFile; fileRef = A5C8BC8B267FC0F400A81589 /* AuthenticationViewController + UI.swift */; };
		A5C8BC90267FC10200A81589 /* AuthenticationViewController.swift in Sources */ = {isa = PBXBuildFile; fileRef = A5C8BC8F267FC10200A81589 /* AuthenticationViewController.swift */; };
		A5C8BC93267FC13400A81589 /* AuthenticationViewControllerViewDelegate.swift in Sources */ = {isa = PBXBuildFile; fileRef = A5C8BC92267FC13400A81589 /* AuthenticationViewControllerViewDelegate.swift */; };
		A5C8BC97267FC15B00A81589 /* AuthenticationPresenterInterface.swift in Sources */ = {isa = PBXBuildFile; fileRef = A5C8BC96267FC15B00A81589 /* AuthenticationPresenterInterface.swift */; };
		A5C8BC9B267FC16900A81589 /* AuthenticationPresenter.swift in Sources */ = {isa = PBXBuildFile; fileRef = A5C8BC9A267FC16900A81589 /* AuthenticationPresenter.swift */; };
		A5C8BCA0267FC19F00A81589 /* TWUser.swift in Sources */ = {isa = PBXBuildFile; fileRef = A5C8BC9F267FC19F00A81589 /* TWUser.swift */; };
		A5C8BCA4267FC1B700A81589 /* TWAuthentication.swift in Sources */ = {isa = PBXBuildFile; fileRef = A5C8BCA3267FC1B700A81589 /* TWAuthentication.swift */; };
		A5C8BCA9267FC1F000A81589 /* AuthenticationService.swift in Sources */ = {isa = PBXBuildFile; fileRef = A5C8BCA8267FC1F000A81589 /* AuthenticationService.swift */; };
		A5C8BCAC267FC20100A81589 /* User.swift in Sources */ = {isa = PBXBuildFile; fileRef = A5C8BCAB267FC20000A81589 /* User.swift */; };
		A5C8BCAF267FC21400A81589 /* AppAuthentication.swift in Sources */ = {isa = PBXBuildFile; fileRef = A5C8BCAE267FC21400A81589 /* AppAuthentication.swift */; };
		A5C8BCB3267FC22F00A81589 /* AppUser.swift in Sources */ = {isa = PBXBuildFile; fileRef = A5C8BCB2267FC22F00A81589 /* AppUser.swift */; };
		A5C8BCB8267FC24D00A81589 /* TokenFactory.swift in Sources */ = {isa = PBXBuildFile; fileRef = A5C8BCB7267FC24D00A81589 /* TokenFactory.swift */; };
		A5C8BCBD267FC27200A81589 /* TWAuthenticationAdapter.swift in Sources */ = {isa = PBXBuildFile; fileRef = A5C8BCBC267FC27200A81589 /* TWAuthenticationAdapter.swift */; };
		A5C8BCC1267FC28900A81589 /* AppAuthenticationAdapter.swift in Sources */ = {isa = PBXBuildFile; fileRef = A5C8BCC0267FC28800A81589 /* AppAuthenticationAdapter.swift */; };
		A5C8BCC5267FC3C700A81589 /* UIViewController.swift in Sources */ = {isa = PBXBuildFile; fileRef = A5C8BCC4267FC3C700A81589 /* UIViewController.swift */; };
/* End PBXBuildFile section */

/* Begin PBXFileReference section */
		A55817672673C8B900FAEFA8 /* FluentInStructuralPatterns.app */ = {isa = PBXFileReference; explicitFileType = wrapper.application; includeInIndex = 0; path = FluentInStructuralPatterns.app; sourceTree = BUILT_PRODUCTS_DIR; };
		A558176A2673C8B900FAEFA8 /* AppDelegate.swift */ = {isa = PBXFileReference; lastKnownFileType = sourcecode.swift; path = AppDelegate.swift; sourceTree = "<group>"; };
		A558176C2673C8B900FAEFA8 /* SceneDelegate.swift */ = {isa = PBXFileReference; lastKnownFileType = sourcecode.swift; path = SceneDelegate.swift; sourceTree = "<group>"; };
		A558176E2673C8B900FAEFA8 /* AuthorizationViewController.swift */ = {isa = PBXFileReference; lastKnownFileType = sourcecode.swift; path = AuthorizationViewController.swift; sourceTree = "<group>"; };
		A55817732673C8BD00FAEFA8 /* Assets.xcassets */ = {isa = PBXFileReference; lastKnownFileType = folder.assetcatalog; path = Assets.xcassets; sourceTree = "<group>"; };
		A55817762673C8BD00FAEFA8 /* Base */ = {isa = PBXFileReference; lastKnownFileType = file.storyboard; name = Base; path = Base.lproj/LaunchScreen.storyboard; sourceTree = "<group>"; };
		A55817782673C8BD00FAEFA8 /* Info.plist */ = {isa = PBXFileReference; lastKnownFileType = text.plist.xml; path = Info.plist; sourceTree = "<group>"; };
		A55817862673CA8D00FAEFA8 /* Coordinatable.swift */ = {isa = PBXFileReference; lastKnownFileType = sourcecode.swift; path = Coordinatable.swift; sourceTree = "<group>"; };
		A558178B2673CBAE00FAEFA8 /* MVVMCoordinator.swift */ = {isa = PBXFileReference; lastKnownFileType = sourcecode.swift; path = MVVMCoordinator.swift; sourceTree = "<group>"; };
		A55817922673CCA700FAEFA8 /* CoordinatorConfigurator.swift */ = {isa = PBXFileReference; lastKnownFileType = sourcecode.swift; path = CoordinatorConfigurator.swift; sourceTree = "<group>"; };
		A55817972673D15200FAEFA8 /* AuthorizationState + Response.swift */ = {isa = PBXFileReference; lastKnownFileType = sourcecode.swift; path = "AuthorizationState + Response.swift"; sourceTree = "<group>"; };
		A558179C2673D1FD00FAEFA8 /* AuthorizationViewModel.swift */ = {isa = PBXFileReference; lastKnownFileType = sourcecode.swift; path = AuthorizationViewModel.swift; sourceTree = "<group>"; };
		A558179F2673D54500FAEFA8 /* AuthorizationView.swift */ = {isa = PBXFileReference; lastKnownFileType = sourcecode.swift; path = AuthorizationView.swift; sourceTree = "<group>"; };
		A55817A22673D6B400FAEFA8 /* AuthorizationView + UIElements.swift */ = {isa = PBXFileReference; lastKnownFileType = sourcecode.swift; path = "AuthorizationView + UIElements.swift"; sourceTree = "<group>"; };
		A55817AA2673D7D000FAEFA8 /* BounceButton.swift */ = {isa = PBXFileReference; lastKnownFileType = sourcecode.swift; path = BounceButton.swift; sourceTree = "<group>"; };
		A55817AF2673D98600FAEFA8 /* UIView.swift */ = {isa = PBXFileReference; lastKnownFileType = sourcecode.swift; path = UIView.swift; sourceTree = "<group>"; };
		A55817B32673D9A400FAEFA8 /* UIColor.swift */ = {isa = PBXFileReference; lastKnownFileType = sourcecode.swift; path = UIColor.swift; sourceTree = "<group>"; };
		A55817B72673DA4400FAEFA8 /* UIFont.swift */ = {isa = PBXFileReference; lastKnownFileType = sourcecode.swift; path = UIFont.swift; sourceTree = "<group>"; };
		A55828C22675003100254183 /* MVPCoordinator.swift */ = {isa = PBXFileReference; lastKnownFileType = sourcecode.swift; path = MVPCoordinator.swift; sourceTree = "<group>"; };
		A55828CA267500BF00254183 /* NewsViewController.swift */ = {isa = PBXFileReference; lastKnownFileType = sourcecode.swift; path = NewsViewController.swift; sourceTree = "<group>"; };
		A55828CE2675050F00254183 /* NewsPresenterInterface.swift */ = {isa = PBXFileReference; lastKnownFileType = sourcecode.swift; path = NewsPresenterInterface.swift; sourceTree = "<group>"; };
		A55828D12675052100254183 /* NewsPresenter.swift */ = {isa = PBXFileReference; lastKnownFileType = sourcecode.swift; path = NewsPresenter.swift; sourceTree = "<group>"; };
		A55828D4267505D200254183 /* Post.swift */ = {isa = PBXFileReference; lastKnownFileType = sourcecode.swift; path = Post.swift; sourceTree = "<group>"; };
		A55828D92675061100254183 /* NewsNetworkingManagerInterface.swift */ = {isa = PBXFileReference; lastKnownFileType = sourcecode.swift; path = NewsNetworkingManagerInterface.swift; sourceTree = "<group>"; };
		A55828DD2675063A00254183 /* NewsNetworkingManager.swift */ = {isa = PBXFileReference; lastKnownFileType = sourcecode.swift; path = NewsNetworkingManager.swift; sourceTree = "<group>"; };
		A55828E12675066C00254183 /* URLConstants.swift */ = {isa = PBXFileReference; lastKnownFileType = sourcecode.swift; path = URLConstants.swift; sourceTree = "<group>"; };
		A55828EB26750BB300254183 /* NetworkingError.swift */ = {isa = PBXFileReference; lastKnownFileType = sourcecode.swift; path = NetworkingError.swift; sourceTree = "<group>"; };
		A55828F026750C8600254183 /* AlertFactory.swift */ = {isa = PBXFileReference; lastKnownFileType = sourcecode.swift; path = AlertFactory.swift; sourceTree = "<group>"; };
		A55828F826750E7800254183 /* NewsViewControllerDataSource.swift */ = {isa = PBXFileReference; lastKnownFileType = sourcecode.swift; path = NewsViewControllerDataSource.swift; sourceTree = "<group>"; };
		A55828FC267510E100254183 /* NewsViewContoller + UI.swift */ = {isa = PBXFileReference; lastKnownFileType = sourcecode.swift; path = "NewsViewContoller + UI.swift"; sourceTree = "<group>"; };
		A55829002675117600254183 /* NewsViewControllerViewDelegate.swift */ = {isa = PBXFileReference; lastKnownFileType = sourcecode.swift; path = NewsViewControllerViewDelegate.swift; sourceTree = "<group>"; };
		A5C8BC83267FC05100A81589 /* AdapterCoordinator.swift */ = {isa = PBXFileReference; lastKnownFileType = sourcecode.swift; path = AdapterCoordinator.swift; sourceTree = "<group>"; };
		A5C8BC8B267FC0F400A81589 /* AuthenticationViewController + UI.swift */ = {isa = PBXFileReference; lastKnownFileType = sourcecode.swift; path = "AuthenticationViewController + UI.swift"; sourceTree = "<group>"; };
		A5C8BC8F267FC10200A81589 /* AuthenticationViewController.swift */ = {isa = PBXFileReference; lastKnownFileType = sourcecode.swift; path = AuthenticationViewController.swift; sourceTree = "<group>"; };
		A5C8BC92267FC13400A81589 /* AuthenticationViewControllerViewDelegate.swift */ = {isa = PBXFileReference; lastKnownFileType = sourcecode.swift; path = AuthenticationViewControllerViewDelegate.swift; sourceTree = "<group>"; };
		A5C8BC96267FC15B00A81589 /* AuthenticationPresenterInterface.swift */ = {isa = PBXFileReference; lastKnownFileType = sourcecode.swift; path = AuthenticationPresenterInterface.swift; sourceTree = "<group>"; };
		A5C8BC9A267FC16900A81589 /* AuthenticationPresenter.swift */ = {isa = PBXFileReference; lastKnownFileType = sourcecode.swift; path = AuthenticationPresenter.swift; sourceTree = "<group>"; };
		A5C8BC9F267FC19F00A81589 /* TWUser.swift */ = {isa = PBXFileReference; lastKnownFileType = sourcecode.swift; path = TWUser.swift; sourceTree = "<group>"; };
		A5C8BCA3267FC1B700A81589 /* TWAuthentication.swift */ = {isa = PBXFileReference; lastKnownFileType = sourcecode.swift; path = TWAuthentication.swift; sourceTree = "<group>"; };
		A5C8BCA8267FC1F000A81589 /* AuthenticationService.swift */ = {isa = PBXFileReference; lastKnownFileType = sourcecode.swift; path = AuthenticationService.swift; sourceTree = "<group>"; };
		A5C8BCAB267FC20000A81589 /* User.swift */ = {isa = PBXFileReference; lastKnownFileType = sourcecode.swift; path = User.swift; sourceTree = "<group>"; };
		A5C8BCAE267FC21400A81589 /* AppAuthentication.swift */ = {isa = PBXFileReference; lastKnownFileType = sourcecode.swift; path = AppAuthentication.swift; sourceTree = "<group>"; };
		A5C8BCB2267FC22F00A81589 /* AppUser.swift */ = {isa = PBXFileReference; lastKnownFileType = sourcecode.swift; path = AppUser.swift; sourceTree = "<group>"; };
		A5C8BCB7267FC24D00A81589 /* TokenFactory.swift */ = {isa = PBXFileReference; lastKnownFileType = sourcecode.swift; path = TokenFactory.swift; sourceTree = "<group>"; };
		A5C8BCBC267FC27200A81589 /* TWAuthenticationAdapter.swift */ = {isa = PBXFileReference; lastKnownFileType = sourcecode.swift; path = TWAuthenticationAdapter.swift; sourceTree = "<group>"; };
		A5C8BCC0267FC28800A81589 /* AppAuthenticationAdapter.swift */ = {isa = PBXFileReference; lastKnownFileType = sourcecode.swift; path = AppAuthenticationAdapter.swift; sourceTree = "<group>"; };
		A5C8BCC4267FC3C700A81589 /* UIViewController.swift */ = {isa = PBXFileReference; lastKnownFileType = sourcecode.swift; path = UIViewController.swift; sourceTree = "<group>"; };
/* End PBXFileReference section */

/* Begin PBXFrameworksBuildPhase section */
		A55817642673C8B900FAEFA8 /* Frameworks */ = {
			isa = PBXFrameworksBuildPhase;
			buildActionMask = 2147483647;
			files = (
			);
			runOnlyForDeploymentPostprocessing = 0;
		};
/* End PBXFrameworksBuildPhase section */

/* Begin PBXGroup section */
		A558175E2673C8B900FAEFA8 = {
			isa = PBXGroup;
			children = (
				A55817692673C8B900FAEFA8 /* FluentInStructuralPatterns */,
				A55817682673C8B900FAEFA8 /* Products */,
			);
			sourceTree = "<group>";
		};
		A55817682673C8B900FAEFA8 /* Products */ = {
			isa = PBXGroup;
			children = (
				A55817672673C8B900FAEFA8 /* FluentInStructuralPatterns.app */,
			);
			name = Products;
			sourceTree = "<group>";
		};
		A55817692673C8B900FAEFA8 /* FluentInStructuralPatterns */ = {
			isa = PBXGroup;
			children = (
				A55828EF26750C7600254183 /* Factories */,
				A55817AE2673D88600FAEFA8 /* Extension */,
				A55817A72673D7AD00FAEFA8 /* UI Elements */,
				A558177F2673CA0000FAEFA8 /* AppDelegate */,
				A55817842673CA7400FAEFA8 /* Coordinators */,
				A55817802673CA1200FAEFA8 /* Resources */,
				A55817812673CA4900FAEFA8 /* Modules */,
			);
			path = FluentInStructuralPatterns;
			sourceTree = "<group>";
		};
		A558177F2673CA0000FAEFA8 /* AppDelegate */ = {
			isa = PBXGroup;
			children = (
				A558176C2673C8B900FAEFA8 /* SceneDelegate.swift */,
				A558176A2673C8B900FAEFA8 /* AppDelegate.swift */,
			);
			path = AppDelegate;
			sourceTree = "<group>";
		};
		A55817802673CA1200FAEFA8 /* Resources */ = {
			isa = PBXGroup;
			children = (
				A55817752673C8BD00FAEFA8 /* LaunchScreen.storyboard */,
				A55817732673C8BD00FAEFA8 /* Assets.xcassets */,
				A55817782673C8BD00FAEFA8 /* Info.plist */,
			);
			path = Resources;
			sourceTree = "<group>";
		};
		A55817812673CA4900FAEFA8 /* Modules */ = {
			isa = PBXGroup;
			children = (
				A5C8BC87267FC0AA00A81589 /* Adapter */,
				A55828C62675009A00254183 /* MVP */,
				A55817822673CA5400FAEFA8 /* MVVM + Data Driven UI */,
			);
			path = Modules;
			sourceTree = "<group>";
		};
		A55817822673CA5400FAEFA8 /* MVVM + Data Driven UI */ = {
			isa = PBXGroup;
			children = (
				A558179B2673D1F000FAEFA8 /* ViewModel */,
				A55817962673D0F300FAEFA8 /* Model */,
				A55817952673D0BD00FAEFA8 /* View */,
			);
			path = "MVVM + Data Driven UI";
			sourceTree = "<group>";
		};
		A55817842673CA7400FAEFA8 /* Coordinators */ = {
			isa = PBXGroup;
			children = (
				A5C8BC7A267FBFAA00A81589 /* Adapter Coordinator */,
				A55828C12675001900254183 /* MVP Coordinator */,
				A55817912673CC9300FAEFA8 /* CoordinatorConfigurator */,
				A558178A2673CB9A00FAEFA8 /* MVVM Coordinator */,
				A55817852673CA7B00FAEFA8 /* Protocol */,
			);
			path = Coordinators;
			sourceTree = "<group>";
		};
		A55817852673CA7B00FAEFA8 /* Protocol */ = {
			isa = PBXGroup;
			children = (
				A55817862673CA8D00FAEFA8 /* Coordinatable.swift */,
			);
			path = Protocol;
			sourceTree = "<group>";
		};
		A558178A2673CB9A00FAEFA8 /* MVVM Coordinator */ = {
			isa = PBXGroup;
			children = (
				A558178B2673CBAE00FAEFA8 /* MVVMCoordinator.swift */,
			);
			path = "MVVM Coordinator";
			sourceTree = "<group>";
		};
		A55817912673CC9300FAEFA8 /* CoordinatorConfigurator */ = {
			isa = PBXGroup;
			children = (
				A55817922673CCA700FAEFA8 /* CoordinatorConfigurator.swift */,
			);
			path = CoordinatorConfigurator;
			sourceTree = "<group>";
		};
		A55817952673D0BD00FAEFA8 /* View */ = {
			isa = PBXGroup;
			children = (
				A55817A52673D6B800FAEFA8 /* AuthorizationView */,
				A558176E2673C8B900FAEFA8 /* AuthorizationViewController.swift */,
			);
			path = View;
			sourceTree = "<group>";
		};
		A55817962673D0F300FAEFA8 /* Model */ = {
			isa = PBXGroup;
			children = (
				A55817972673D15200FAEFA8 /* AuthorizationState + Response.swift */,
			);
			path = Model;
			sourceTree = "<group>";
		};
		A558179B2673D1F000FAEFA8 /* ViewModel */ = {
			isa = PBXGroup;
			children = (
				A558179C2673D1FD00FAEFA8 /* AuthorizationViewModel.swift */,
			);
			path = ViewModel;
			sourceTree = "<group>";
		};
		A55817A52673D6B800FAEFA8 /* AuthorizationView */ = {
			isa = PBXGroup;
			children = (
				A558179F2673D54500FAEFA8 /* AuthorizationView.swift */,
				A55817A22673D6B400FAEFA8 /* AuthorizationView + UIElements.swift */,
			);
			path = AuthorizationView;
			sourceTree = "<group>";
		};
		A55817A72673D7AD00FAEFA8 /* UI Elements */ = {
			isa = PBXGroup;
			children = (
				A55817A82673D7B500FAEFA8 /* Button */,
			);
			path = "UI Elements";
			sourceTree = "<group>";
		};
		A55817A82673D7B500FAEFA8 /* Button */ = {
			isa = PBXGroup;
			children = (
				A55817AA2673D7D000FAEFA8 /* BounceButton.swift */,
			);
			path = Button;
			sourceTree = "<group>";
		};
		A55817AE2673D88600FAEFA8 /* Extension */ = {
			isa = PBXGroup;
			children = (
				A55817AF2673D98600FAEFA8 /* UIView.swift */,
				A55817B32673D9A400FAEFA8 /* UIColor.swift */,
				A55817B72673DA4400FAEFA8 /* UIFont.swift */,
				A5C8BCC4267FC3C700A81589 /* UIViewController.swift */,
			);
			path = Extension;
			sourceTree = "<group>";
		};
		A55828C12675001900254183 /* MVP Coordinator */ = {
			isa = PBXGroup;
			children = (
				A55828C22675003100254183 /* MVPCoordinator.swift */,
			);
			path = "MVP Coordinator";
			sourceTree = "<group>";
		};
		A55828C62675009A00254183 /* MVP */ = {
			isa = PBXGroup;
			children = (
				A55828E02675066100254183 /* Constants */,
				A55828D7267505F400254183 /* Managers */,
				A55828C9267500AF00254183 /* Model */,
				A55828C8267500AA00254183 /* Presenter */,
				A55828C7267500A500254183 /* Controller */,
			);
			path = MVP;
			sourceTree = "<group>";
		};
		A55828C7267500A500254183 /* Controller */ = {
			isa = PBXGroup;
			children = (
				A55828FF2675115F00254183 /* ViewDelegate */,
				A55828F726750E5E00254183 /* Datasourse */,
				A55828CA267500BF00254183 /* NewsViewController.swift */,
				A55828FC267510E100254183 /* NewsViewContoller + UI.swift */,
			);
			path = Controller;
			sourceTree = "<group>";
		};
		A55828C8267500AA00254183 /* Presenter */ = {
			isa = PBXGroup;
			children = (
				A55828CD267504FA00254183 /* Interface */,
				A55828D12675052100254183 /* NewsPresenter.swift */,
			);
			path = Presenter;
			sourceTree = "<group>";
		};
		A55828C9267500AF00254183 /* Model */ = {
			isa = PBXGroup;
			children = (
				A55828D4267505D200254183 /* Post.swift */,
			);
			path = Model;
			sourceTree = "<group>";
		};
		A55828CD267504FA00254183 /* Interface */ = {
			isa = PBXGroup;
			children = (
				A55828CE2675050F00254183 /* NewsPresenterInterface.swift */,
			);
			path = Interface;
			sourceTree = "<group>";
		};
		A55828D7267505F400254183 /* Managers */ = {
			isa = PBXGroup;
			children = (
				A55828E926750B9600254183 /* Error */,
				A55828D8267505FC00254183 /* Networking */,
			);
			path = Managers;
			sourceTree = "<group>";
		};
		A55828D8267505FC00254183 /* Networking */ = {
			isa = PBXGroup;
			children = (
				A55828DC2675062700254183 /* Protocol */,
				A55828DD2675063A00254183 /* NewsNetworkingManager.swift */,
			);
			path = Networking;
			sourceTree = "<group>";
		};
		A55828DC2675062700254183 /* Protocol */ = {
			isa = PBXGroup;
			children = (
				A55828D92675061100254183 /* NewsNetworkingManagerInterface.swift */,
			);
			path = Protocol;
			sourceTree = "<group>";
		};
		A55828E02675066100254183 /* Constants */ = {
			isa = PBXGroup;
			children = (
				A55828E12675066C00254183 /* URLConstants.swift */,
			);
			path = Constants;
			sourceTree = "<group>";
		};
		A55828E926750B9600254183 /* Error */ = {
			isa = PBXGroup;
			children = (
				A55828EA26750B9E00254183 /* NetworkingError */,
			);
			path = Error;
			sourceTree = "<group>";
		};
		A55828EA26750B9E00254183 /* NetworkingError */ = {
			isa = PBXGroup;
			children = (
				A55828EB26750BB300254183 /* NetworkingError.swift */,
			);
			path = NetworkingError;
			sourceTree = "<group>";
		};
		A55828EF26750C7600254183 /* Factories */ = {
			isa = PBXGroup;
			children = (
				A55828F026750C8600254183 /* AlertFactory.swift */,
			);
			path = Factories;
			sourceTree = "<group>";
		};
		A55828F726750E5E00254183 /* Datasourse */ = {
			isa = PBXGroup;
			children = (
				A55828F826750E7800254183 /* NewsViewControllerDataSource.swift */,
			);
			path = Datasourse;
			sourceTree = "<group>";
		};
		A55828FF2675115F00254183 /* ViewDelegate */ = {
			isa = PBXGroup;
			children = (
				A55829002675117600254183 /* NewsViewControllerViewDelegate.swift */,
			);
			path = ViewDelegate;
			sourceTree = "<group>";
		};
		A5C8BC7A267FBFAA00A81589 /* Adapter Coordinator */ = {
			isa = PBXGroup;
			children = (
				A5C8BC83267FC05100A81589 /* AdapterCoordinator.swift */,
			);
			path = "Adapter Coordinator";
			sourceTree = "<group>";
		};
		A5C8BC87267FC0AA00A81589 /* Adapter */ = {
			isa = PBXGroup;
			children = (
				A5C8BCBB267FC25F00A81589 /* AuthenticationAdapter */,
				A5C8BCB6267FC23F00A81589 /* Token Factory */,
				A5C8BCB1267FC22700A81589 /* Models */,
				A5C8BCA6267FC1CC00A81589 /* Authentication */,
				A5C8BC9D267FC18400A81589 /* Closed Library */,
				A5C8BC89267FC0D000A81589 /* Presenter */,
				A5C8BC88267FC0BC00A81589 /* View */,
			);
			path = Adapter;
			sourceTree = "<group>";
		};
		A5C8BC88267FC0BC00A81589 /* View */ = {
			isa = PBXGroup;
			children = (
				A5C8BC8A267FC0D600A81589 /* ViewDelegate */,
				A5C8BC8F267FC10200A81589 /* AuthenticationViewController.swift */,
				A5C8BC8B267FC0F400A81589 /* AuthenticationViewController + UI.swift */,
			);
			path = View;
			sourceTree = "<group>";
		};
		A5C8BC89267FC0D000A81589 /* Presenter */ = {
			isa = PBXGroup;
			children = (
				A5C8BC95267FC14B00A81589 /* Interface */,
				A5C8BC9A267FC16900A81589 /* AuthenticationPresenter.swift */,
			);
			path = Presenter;
			sourceTree = "<group>";
		};
		A5C8BC8A267FC0D600A81589 /* ViewDelegate */ = {
			isa = PBXGroup;
			children = (
				A5C8BC92267FC13400A81589 /* AuthenticationViewControllerViewDelegate.swift */,
			);
			path = ViewDelegate;
			sourceTree = "<group>";
		};
		A5C8BC95267FC14B00A81589 /* Interface */ = {
			isa = PBXGroup;
			children = (
				A5C8BC96267FC15B00A81589 /* AuthenticationPresenterInterface.swift */,
			);
			path = Interface;
			sourceTree = "<group>";
		};
		A5C8BC9D267FC18400A81589 /* Closed Library */ = {
			isa = PBXGroup;
			children = (
				A5C8BC9E267FC19200A81589 /* Models */,
				A5C8BCA3267FC1B700A81589 /* TWAuthentication.swift */,
			);
			path = "Closed Library";
			sourceTree = "<group>";
		};
		A5C8BC9E267FC19200A81589 /* Models */ = {
			isa = PBXGroup;
			children = (
				A5C8BC9F267FC19F00A81589 /* TWUser.swift */,
			);
			path = Models;
			sourceTree = "<group>";
		};
		A5C8BCA6267FC1CC00A81589 /* Authentication */ = {
			isa = PBXGroup;
			children = (
				A5C8BCA7267FC1DA00A81589 /* Interface */,
				A5C8BCAE267FC21400A81589 /* AppAuthentication.swift */,
			);
			path = Authentication;
			sourceTree = "<group>";
		};
		A5C8BCA7267FC1DA00A81589 /* Interface */ = {
			isa = PBXGroup;
			children = (
				A5C8BCA8267FC1F000A81589 /* AuthenticationService.swift */,
				A5C8BCAB267FC20000A81589 /* User.swift */,
			);
			path = Interface;
			sourceTree = "<group>";
		};
		A5C8BCB1267FC22700A81589 /* Models */ = {
			isa = PBXGroup;
			children = (
				A5C8BCB2267FC22F00A81589 /* AppUser.swift */,
			);
			path = Models;
			sourceTree = "<group>";
		};
		A5C8BCB6267FC23F00A81589 /* Token Factory */ = {
			isa = PBXGroup;
			children = (
				A5C8BCB7267FC24D00A81589 /* TokenFactory.swift */,
			);
			path = "Token Factory";
			sourceTree = "<group>";
		};
		A5C8BCBB267FC25F00A81589 /* AuthenticationAdapter */ = {
			isa = PBXGroup;
			children = (
				A5C8BCBC267FC27200A81589 /* TWAuthenticationAdapter.swift */,
				A5C8BCC0267FC28800A81589 /* AppAuthenticationAdapter.swift */,
			);
			path = AuthenticationAdapter;
			sourceTree = "<group>";
		};
/* End PBXGroup section */

/* Begin PBXNativeTarget section */
		A55817662673C8B900FAEFA8 /* FluentInStructuralPatterns */ = {
			isa = PBXNativeTarget;
			buildConfigurationList = A558177B2673C8BD00FAEFA8 /* Build configuration list for PBXNativeTarget "FluentInStructuralPatterns" */;
			buildPhases = (
				A55817632673C8B900FAEFA8 /* Sources */,
				A55817642673C8B900FAEFA8 /* Frameworks */,
				A55817652673C8B900FAEFA8 /* Resources */,
			);
			buildRules = (
			);
			dependencies = (
			);
			name = FluentInStructuralPatterns;
			productName = FluentInStructuralPatterns;
			productReference = A55817672673C8B900FAEFA8 /* FluentInStructuralPatterns.app */;
			productType = "com.apple.product-type.application";
		};
/* End PBXNativeTarget section */

/* Begin PBXProject section */
		A558175F2673C8B900FAEFA8 /* Project object */ = {
			isa = PBXProject;
			attributes = {
				LastSwiftUpdateCheck = 1220;
				LastUpgradeCheck = 1220;
				TargetAttributes = {
					A55817662673C8B900FAEFA8 = {
						CreatedOnToolsVersion = 12.2;
					};
				};
			};
			buildConfigurationList = A55817622673C8B900FAEFA8 /* Build configuration list for PBXProject "FluentInStructuralPatterns" */;
			compatibilityVersion = "Xcode 9.3";
			developmentRegion = en;
			hasScannedForEncodings = 0;
			knownRegions = (
				en,
				Base,
			);
			mainGroup = A558175E2673C8B900FAEFA8;
			productRefGroup = A55817682673C8B900FAEFA8 /* Products */;
			projectDirPath = "";
			projectRoot = "";
			targets = (
				A55817662673C8B900FAEFA8 /* FluentInStructuralPatterns */,
			);
		};
/* End PBXProject section */

/* Begin PBXResourcesBuildPhase section */
		A55817652673C8B900FAEFA8 /* Resources */ = {
			isa = PBXResourcesBuildPhase;
			buildActionMask = 2147483647;
			files = (
				A55817772673C8BD00FAEFA8 /* LaunchScreen.storyboard in Resources */,
				A55817742673C8BD00FAEFA8 /* Assets.xcassets in Resources */,
			);
			runOnlyForDeploymentPostprocessing = 0;
		};
/* End PBXResourcesBuildPhase section */

/* Begin PBXSourcesBuildPhase section */
		A55817632673C8B900FAEFA8 /* Sources */ = {
			isa = PBXSourcesBuildPhase;
			buildActionMask = 2147483647;
			files = (
				A5C8BC93267FC13400A81589 /* AuthenticationViewControllerViewDelegate.swift in Sources */,
				A5C8BCB3267FC22F00A81589 /* AppUser.swift in Sources */,
				A5C8BCA0267FC19F00A81589 /* TWUser.swift in Sources */,
				A55817982673D15200FAEFA8 /* AuthorizationState + Response.swift in Sources */,
				A5C8BCA9267FC1F000A81589 /* AuthenticationService.swift in Sources */,
				A5C8BCBD267FC27200A81589 /* TWAuthenticationAdapter.swift in Sources */,
				A55828C32675003100254183 /* MVPCoordinator.swift in Sources */,
				A55828CF2675050F00254183 /* NewsPresenterInterface.swift in Sources */,
				A558176F2673C8B900FAEFA8 /* AuthorizationViewController.swift in Sources */,
				A55829012675117600254183 /* NewsViewControllerViewDelegate.swift in Sources */,
				A55828DA2675061100254183 /* NewsNetworkingManagerInterface.swift in Sources */,
				A55828F126750C8600254183 /* AlertFactory.swift in Sources */,
				A55817872673CA8D00FAEFA8 /* Coordinatable.swift in Sources */,
				A558176B2673C8B900FAEFA8 /* AppDelegate.swift in Sources */,
				A5C8BC97267FC15B00A81589 /* AuthenticationPresenterInterface.swift in Sources */,
				A55817B02673D98600FAEFA8 /* UIView.swift in Sources */,
				A558178C2673CBAE00FAEFA8 /* MVVMCoordinator.swift in Sources */,
				A55828FD267510E100254183 /* NewsViewContoller + UI.swift in Sources */,
				A55828EC26750BB300254183 /* NetworkingError.swift in Sources */,
				A5C8BCC1267FC28900A81589 /* AppAuthenticationAdapter.swift in Sources */,
				A558176D2673C8B900FAEFA8 /* SceneDelegate.swift in Sources */,
				A55817932673CCA700FAEFA8 /* CoordinatorConfigurator.swift in Sources */,
				A55817AB2673D7D000FAEFA8 /* BounceButton.swift in Sources */,
				A55817B42673D9A400FAEFA8 /* UIColor.swift in Sources */,
				A5C8BCC5267FC3C700A81589 /* UIViewController.swift in Sources */,
				A55817B82673DA4400FAEFA8 /* UIFont.swift in Sources */,
				A55817A32673D6B400FAEFA8 /* AuthorizationView + UIElements.swift in Sources */,
				A5C8BCAC267FC20100A81589 /* User.swift in Sources */,
				A55828DE2675063A00254183 /* NewsNetworkingManager.swift in Sources */,
				A5C8BC84267FC05100A81589 /* AdapterCoordinator.swift in Sources */,
				A5C8BC8C267FC0F400A81589 /* AuthenticationViewController + UI.swift in Sources */,
				A5C8BC90267FC10200A81589 /* AuthenticationViewController.swift in Sources */,
				A558179D2673D1FD00FAEFA8 /* AuthorizationViewModel.swift in Sources */,
				A5C8BCB8267FC24D00A81589 /* TokenFactory.swift in Sources */,
				A5C8BC9B267FC16900A81589 /* AuthenticationPresenter.swift in Sources */,
				A55828D22675052100254183 /* NewsPresenter.swift in Sources */,
				A5C8BCAF267FC21400A81589 /* AppAuthentication.swift in Sources */,
				A55828D5267505D200254183 /* Post.swift in Sources */,
				A5C8BCA4267FC1B700A81589 /* TWAuthentication.swift in Sources */,
				A55828E22675066C00254183 /* URLConstants.swift in Sources */,
				A55817A02673D54500FAEFA8 /* AuthorizationView.swift in Sources */,
				A55828F926750E7800254183 /* NewsViewControllerDataSource.swift in Sources */,
				A55828CB267500BF00254183 /* NewsViewController.swift in Sources */,
			);
			runOnlyForDeploymentPostprocessing = 0;
		};
/* End PBXSourcesBuildPhase section */

/* Begin PBXVariantGroup section */
		A55817752673C8BD00FAEFA8 /* LaunchScreen.storyboard */ = {
			isa = PBXVariantGroup;
			children = (
				A55817762673C8BD00FAEFA8 /* Base */,
			);
			name = LaunchScreen.storyboard;
			sourceTree = "<group>";
		};
/* End PBXVariantGroup section */

/* Begin XCBuildConfiguration section */
		A55817792673C8BD00FAEFA8 /* Debug */ = {
			isa = XCBuildConfiguration;
			buildSettings = {
				ALWAYS_SEARCH_USER_PATHS = NO;
				CLANG_ANALYZER_NONNULL = YES;
				CLANG_ANALYZER_NUMBER_OBJECT_CONVERSION = YES_AGGRESSIVE;
				CLANG_CXX_LANGUAGE_STANDARD = "gnu++14";
				CLANG_CXX_LIBRARY = "libc++";
				CLANG_ENABLE_MODULES = YES;
				CLANG_ENABLE_OBJC_ARC = YES;
				CLANG_ENABLE_OBJC_WEAK = YES;
				CLANG_WARN_BLOCK_CAPTURE_AUTORELEASING = YES;
				CLANG_WARN_BOOL_CONVERSION = YES;
				CLANG_WARN_COMMA = YES;
				CLANG_WARN_CONSTANT_CONVERSION = YES;
				CLANG_WARN_DEPRECATED_OBJC_IMPLEMENTATIONS = YES;
				CLANG_WARN_DIRECT_OBJC_ISA_USAGE = YES_ERROR;
				CLANG_WARN_DOCUMENTATION_COMMENTS = YES;
				CLANG_WARN_EMPTY_BODY = YES;
				CLANG_WARN_ENUM_CONVERSION = YES;
				CLANG_WARN_INFINITE_RECURSION = YES;
				CLANG_WARN_INT_CONVERSION = YES;
				CLANG_WARN_NON_LITERAL_NULL_CONVERSION = YES;
				CLANG_WARN_OBJC_IMPLICIT_RETAIN_SELF = YES;
				CLANG_WARN_OBJC_LITERAL_CONVERSION = YES;
				CLANG_WARN_OBJC_ROOT_CLASS = YES_ERROR;
				CLANG_WARN_QUOTED_INCLUDE_IN_FRAMEWORK_HEADER = YES;
				CLANG_WARN_RANGE_LOOP_ANALYSIS = YES;
				CLANG_WARN_STRICT_PROTOTYPES = YES;
				CLANG_WARN_SUSPICIOUS_MOVE = YES;
				CLANG_WARN_UNGUARDED_AVAILABILITY = YES_AGGRESSIVE;
				CLANG_WARN_UNREACHABLE_CODE = YES;
				CLANG_WARN__DUPLICATE_METHOD_MATCH = YES;
				COPY_PHASE_STRIP = NO;
				DEBUG_INFORMATION_FORMAT = dwarf;
				ENABLE_STRICT_OBJC_MSGSEND = YES;
				ENABLE_TESTABILITY = YES;
				GCC_C_LANGUAGE_STANDARD = gnu11;
				GCC_DYNAMIC_NO_PIC = NO;
				GCC_NO_COMMON_BLOCKS = YES;
				GCC_OPTIMIZATION_LEVEL = 0;
				GCC_PREPROCESSOR_DEFINITIONS = (
					"DEBUG=1",
					"$(inherited)",
				);
				GCC_WARN_64_TO_32_BIT_CONVERSION = YES;
				GCC_WARN_ABOUT_RETURN_TYPE = YES_ERROR;
				GCC_WARN_UNDECLARED_SELECTOR = YES;
				GCC_WARN_UNINITIALIZED_AUTOS = YES_AGGRESSIVE;
				GCC_WARN_UNUSED_FUNCTION = YES;
				GCC_WARN_UNUSED_VARIABLE = YES;
				IPHONEOS_DEPLOYMENT_TARGET = 14.2;
				MTL_ENABLE_DEBUG_INFO = INCLUDE_SOURCE;
				MTL_FAST_MATH = YES;
				ONLY_ACTIVE_ARCH = YES;
				SDKROOT = iphoneos;
				SWIFT_ACTIVE_COMPILATION_CONDITIONS = DEBUG;
				SWIFT_OPTIMIZATION_LEVEL = "-Onone";
			};
			name = Debug;
		};
		A558177A2673C8BD00FAEFA8 /* Release */ = {
			isa = XCBuildConfiguration;
			buildSettings = {
				ALWAYS_SEARCH_USER_PATHS = NO;
				CLANG_ANALYZER_NONNULL = YES;
				CLANG_ANALYZER_NUMBER_OBJECT_CONVERSION = YES_AGGRESSIVE;
				CLANG_CXX_LANGUAGE_STANDARD = "gnu++14";
				CLANG_CXX_LIBRARY = "libc++";
				CLANG_ENABLE_MODULES = YES;
				CLANG_ENABLE_OBJC_ARC = YES;
				CLANG_ENABLE_OBJC_WEAK = YES;
				CLANG_WARN_BLOCK_CAPTURE_AUTORELEASING = YES;
				CLANG_WARN_BOOL_CONVERSION = YES;
				CLANG_WARN_COMMA = YES;
				CLANG_WARN_CONSTANT_CONVERSION = YES;
				CLANG_WARN_DEPRECATED_OBJC_IMPLEMENTATIONS = YES;
				CLANG_WARN_DIRECT_OBJC_ISA_USAGE = YES_ERROR;
				CLANG_WARN_DOCUMENTATION_COMMENTS = YES;
				CLANG_WARN_EMPTY_BODY = YES;
				CLANG_WARN_ENUM_CONVERSION = YES;
				CLANG_WARN_INFINITE_RECURSION = YES;
				CLANG_WARN_INT_CONVERSION = YES;
				CLANG_WARN_NON_LITERAL_NULL_CONVERSION = YES;
				CLANG_WARN_OBJC_IMPLICIT_RETAIN_SELF = YES;
				CLANG_WARN_OBJC_LITERAL_CONVERSION = YES;
				CLANG_WARN_OBJC_ROOT_CLASS = YES_ERROR;
				CLANG_WARN_QUOTED_INCLUDE_IN_FRAMEWORK_HEADER = YES;
				CLANG_WARN_RANGE_LOOP_ANALYSIS = YES;
				CLANG_WARN_STRICT_PROTOTYPES = YES;
				CLANG_WARN_SUSPICIOUS_MOVE = YES;
				CLANG_WARN_UNGUARDED_AVAILABILITY = YES_AGGRESSIVE;
				CLANG_WARN_UNREACHABLE_CODE = YES;
				CLANG_WARN__DUPLICATE_METHOD_MATCH = YES;
				COPY_PHASE_STRIP = NO;
				DEBUG_INFORMATION_FORMAT = "dwarf-with-dsym";
				ENABLE_NS_ASSERTIONS = NO;
				ENABLE_STRICT_OBJC_MSGSEND = YES;
				GCC_C_LANGUAGE_STANDARD = gnu11;
				GCC_NO_COMMON_BLOCKS = YES;
				GCC_WARN_64_TO_32_BIT_CONVERSION = YES;
				GCC_WARN_ABOUT_RETURN_TYPE = YES_ERROR;
				GCC_WARN_UNDECLARED_SELECTOR = YES;
				GCC_WARN_UNINITIALIZED_AUTOS = YES_AGGRESSIVE;
				GCC_WARN_UNUSED_FUNCTION = YES;
				GCC_WARN_UNUSED_VARIABLE = YES;
				IPHONEOS_DEPLOYMENT_TARGET = 14.2;
				MTL_ENABLE_DEBUG_INFO = NO;
				MTL_FAST_MATH = YES;
				SDKROOT = iphoneos;
				SWIFT_COMPILATION_MODE = wholemodule;
				SWIFT_OPTIMIZATION_LEVEL = "-O";
				VALIDATE_PRODUCT = YES;
			};
			name = Release;
		};
		A558177C2673C8BD00FAEFA8 /* Debug */ = {
			isa = XCBuildConfiguration;
			buildSettings = {
				ASSETCATALOG_COMPILER_APPICON_NAME = AppIcon;
				ASSETCATALOG_COMPILER_GLOBAL_ACCENT_COLOR_NAME = AccentColor;
				CODE_SIGN_STYLE = Automatic;
				DEVELOPMENT_TEAM = GUF6JQVK4V;
				INFOPLIST_FILE = FluentInStructuralPatterns/Resources/Info.plist;
				LD_RUNPATH_SEARCH_PATHS = (
					"$(inherited)",
					"@executable_path/Frameworks",
				);
				PRODUCT_BUNDLE_IDENTIFIER = com.chsherbaksergey.FluentInStructuralPatterns;
				PRODUCT_NAME = "$(TARGET_NAME)";
				SWIFT_VERSION = 5.0;
				TARGETED_DEVICE_FAMILY = "1,2";
			};
			name = Debug;
		};
		A558177D2673C8BD00FAEFA8 /* Release */ = {
			isa = XCBuildConfiguration;
			buildSettings = {
				ASSETCATALOG_COMPILER_APPICON_NAME = AppIcon;
				ASSETCATALOG_COMPILER_GLOBAL_ACCENT_COLOR_NAME = AccentColor;
				CODE_SIGN_STYLE = Automatic;
				DEVELOPMENT_TEAM = GUF6JQVK4V;
				INFOPLIST_FILE = FluentInStructuralPatterns/Resources/Info.plist;
				LD_RUNPATH_SEARCH_PATHS = (
					"$(inherited)",
					"@executable_path/Frameworks",
				);
				PRODUCT_BUNDLE_IDENTIFIER = com.chsherbaksergey.FluentInStructuralPatterns;
				PRODUCT_NAME = "$(TARGET_NAME)";
				SWIFT_VERSION = 5.0;
				TARGETED_DEVICE_FAMILY = "1,2";
			};
			name = Release;
		};
		A55828B42674FF2000254183 /* Debug MVVM */ = {
			isa = XCBuildConfiguration;
			buildSettings = {
				ALWAYS_SEARCH_USER_PATHS = NO;
				CLANG_ANALYZER_NONNULL = YES;
				CLANG_ANALYZER_NUMBER_OBJECT_CONVERSION = YES_AGGRESSIVE;
				CLANG_CXX_LANGUAGE_STANDARD = "gnu++14";
				CLANG_CXX_LIBRARY = "libc++";
				CLANG_ENABLE_MODULES = YES;
				CLANG_ENABLE_OBJC_ARC = YES;
				CLANG_ENABLE_OBJC_WEAK = YES;
				CLANG_WARN_BLOCK_CAPTURE_AUTORELEASING = YES;
				CLANG_WARN_BOOL_CONVERSION = YES;
				CLANG_WARN_COMMA = YES;
				CLANG_WARN_CONSTANT_CONVERSION = YES;
				CLANG_WARN_DEPRECATED_OBJC_IMPLEMENTATIONS = YES;
				CLANG_WARN_DIRECT_OBJC_ISA_USAGE = YES_ERROR;
				CLANG_WARN_DOCUMENTATION_COMMENTS = YES;
				CLANG_WARN_EMPTY_BODY = YES;
				CLANG_WARN_ENUM_CONVERSION = YES;
				CLANG_WARN_INFINITE_RECURSION = YES;
				CLANG_WARN_INT_CONVERSION = YES;
				CLANG_WARN_NON_LITERAL_NULL_CONVERSION = YES;
				CLANG_WARN_OBJC_IMPLICIT_RETAIN_SELF = YES;
				CLANG_WARN_OBJC_LITERAL_CONVERSION = YES;
				CLANG_WARN_OBJC_ROOT_CLASS = YES_ERROR;
				CLANG_WARN_QUOTED_INCLUDE_IN_FRAMEWORK_HEADER = YES;
				CLANG_WARN_RANGE_LOOP_ANALYSIS = YES;
				CLANG_WARN_STRICT_PROTOTYPES = YES;
				CLANG_WARN_SUSPICIOUS_MOVE = YES;
				CLANG_WARN_UNGUARDED_AVAILABILITY = YES_AGGRESSIVE;
				CLANG_WARN_UNREACHABLE_CODE = YES;
				CLANG_WARN__DUPLICATE_METHOD_MATCH = YES;
				COPY_PHASE_STRIP = NO;
				DEBUG_INFORMATION_FORMAT = dwarf;
				ENABLE_STRICT_OBJC_MSGSEND = YES;
				ENABLE_TESTABILITY = YES;
				GCC_C_LANGUAGE_STANDARD = gnu11;
				GCC_DYNAMIC_NO_PIC = NO;
				GCC_NO_COMMON_BLOCKS = YES;
				GCC_OPTIMIZATION_LEVEL = 0;
				GCC_PREPROCESSOR_DEFINITIONS = (
					"DEBUG=1",
					"$(inherited)",
				);
				GCC_WARN_64_TO_32_BIT_CONVERSION = YES;
				GCC_WARN_ABOUT_RETURN_TYPE = YES_ERROR;
				GCC_WARN_UNDECLARED_SELECTOR = YES;
				GCC_WARN_UNINITIALIZED_AUTOS = YES_AGGRESSIVE;
				GCC_WARN_UNUSED_FUNCTION = YES;
				GCC_WARN_UNUSED_VARIABLE = YES;
				IPHONEOS_DEPLOYMENT_TARGET = 14.2;
				MTL_ENABLE_DEBUG_INFO = INCLUDE_SOURCE;
				MTL_FAST_MATH = YES;
				ONLY_ACTIVE_ARCH = YES;
				SDKROOT = iphoneos;
				SWIFT_ACTIVE_COMPILATION_CONDITIONS = "DEBUG MVVM";
				SWIFT_OPTIMIZATION_LEVEL = "-Onone";
			};
			name = "Debug MVVM";
		};
		A55828B52674FF2000254183 /* Debug MVVM */ = {
			isa = XCBuildConfiguration;
			buildSettings = {
				ASSETCATALOG_COMPILER_APPICON_NAME = AppIcon;
				ASSETCATALOG_COMPILER_GLOBAL_ACCENT_COLOR_NAME = AccentColor;
				CODE_SIGN_STYLE = Automatic;
				DEVELOPMENT_TEAM = GUF6JQVK4V;
				INFOPLIST_FILE = FluentInStructuralPatterns/Resources/Info.plist;
				LD_RUNPATH_SEARCH_PATHS = (
					"$(inherited)",
					"@executable_path/Frameworks",
				);
				PRODUCT_BUNDLE_IDENTIFIER = com.chsherbaksergey.FluentInStructuralPatterns;
				PRODUCT_NAME = "$(TARGET_NAME)";
				SWIFT_VERSION = 5.0;
				TARGETED_DEVICE_FAMILY = "1,2";
			};
			name = "Debug MVVM";
		};
		A55828B62674FF3700254183 /* Release MVVM */ = {
			isa = XCBuildConfiguration;
			buildSettings = {
				ALWAYS_SEARCH_USER_PATHS = NO;
				CLANG_ANALYZER_NONNULL = YES;
				CLANG_ANALYZER_NUMBER_OBJECT_CONVERSION = YES_AGGRESSIVE;
				CLANG_CXX_LANGUAGE_STANDARD = "gnu++14";
				CLANG_CXX_LIBRARY = "libc++";
				CLANG_ENABLE_MODULES = YES;
				CLANG_ENABLE_OBJC_ARC = YES;
				CLANG_ENABLE_OBJC_WEAK = YES;
				CLANG_WARN_BLOCK_CAPTURE_AUTORELEASING = YES;
				CLANG_WARN_BOOL_CONVERSION = YES;
				CLANG_WARN_COMMA = YES;
				CLANG_WARN_CONSTANT_CONVERSION = YES;
				CLANG_WARN_DEPRECATED_OBJC_IMPLEMENTATIONS = YES;
				CLANG_WARN_DIRECT_OBJC_ISA_USAGE = YES_ERROR;
				CLANG_WARN_DOCUMENTATION_COMMENTS = YES;
				CLANG_WARN_EMPTY_BODY = YES;
				CLANG_WARN_ENUM_CONVERSION = YES;
				CLANG_WARN_INFINITE_RECURSION = YES;
				CLANG_WARN_INT_CONVERSION = YES;
				CLANG_WARN_NON_LITERAL_NULL_CONVERSION = YES;
				CLANG_WARN_OBJC_IMPLICIT_RETAIN_SELF = YES;
				CLANG_WARN_OBJC_LITERAL_CONVERSION = YES;
				CLANG_WARN_OBJC_ROOT_CLASS = YES_ERROR;
				CLANG_WARN_QUOTED_INCLUDE_IN_FRAMEWORK_HEADER = YES;
				CLANG_WARN_RANGE_LOOP_ANALYSIS = YES;
				CLANG_WARN_STRICT_PROTOTYPES = YES;
				CLANG_WARN_SUSPICIOUS_MOVE = YES;
				CLANG_WARN_UNGUARDED_AVAILABILITY = YES_AGGRESSIVE;
				CLANG_WARN_UNREACHABLE_CODE = YES;
				CLANG_WARN__DUPLICATE_METHOD_MATCH = YES;
				COPY_PHASE_STRIP = NO;
				DEBUG_INFORMATION_FORMAT = "dwarf-with-dsym";
				ENABLE_NS_ASSERTIONS = NO;
				ENABLE_STRICT_OBJC_MSGSEND = YES;
				GCC_C_LANGUAGE_STANDARD = gnu11;
				GCC_NO_COMMON_BLOCKS = YES;
				GCC_WARN_64_TO_32_BIT_CONVERSION = YES;
				GCC_WARN_ABOUT_RETURN_TYPE = YES_ERROR;
				GCC_WARN_UNDECLARED_SELECTOR = YES;
				GCC_WARN_UNINITIALIZED_AUTOS = YES_AGGRESSIVE;
				GCC_WARN_UNUSED_FUNCTION = YES;
				GCC_WARN_UNUSED_VARIABLE = YES;
				IPHONEOS_DEPLOYMENT_TARGET = 14.2;
				MTL_ENABLE_DEBUG_INFO = NO;
				MTL_FAST_MATH = YES;
				SDKROOT = iphoneos;
				SWIFT_ACTIVE_COMPILATION_CONDITIONS = MVVM;
				SWIFT_COMPILATION_MODE = wholemodule;
				SWIFT_OPTIMIZATION_LEVEL = "-O";
				VALIDATE_PRODUCT = YES;
			};
			name = "Release MVVM";
		};
		A55828B72674FF3700254183 /* Release MVVM */ = {
			isa = XCBuildConfiguration;
			buildSettings = {
				ASSETCATALOG_COMPILER_APPICON_NAME = AppIcon;
				ASSETCATALOG_COMPILER_GLOBAL_ACCENT_COLOR_NAME = AccentColor;
				CODE_SIGN_STYLE = Automatic;
				DEVELOPMENT_TEAM = GUF6JQVK4V;
				INFOPLIST_FILE = FluentInStructuralPatterns/Resources/Info.plist;
				LD_RUNPATH_SEARCH_PATHS = (
					"$(inherited)",
					"@executable_path/Frameworks",
				);
				PRODUCT_BUNDLE_IDENTIFIER = com.chsherbaksergey.FluentInStructuralPatterns;
				PRODUCT_NAME = "$(TARGET_NAME)";
				SWIFT_VERSION = 5.0;
				TARGETED_DEVICE_FAMILY = "1,2";
			};
			name = "Release MVVM";
		};
		A55828B82674FF3E00254183 /* Debug MVP */ = {
			isa = XCBuildConfiguration;
			buildSettings = {
				ALWAYS_SEARCH_USER_PATHS = NO;
				CLANG_ANALYZER_NONNULL = YES;
				CLANG_ANALYZER_NUMBER_OBJECT_CONVERSION = YES_AGGRESSIVE;
				CLANG_CXX_LANGUAGE_STANDARD = "gnu++14";
				CLANG_CXX_LIBRARY = "libc++";
				CLANG_ENABLE_MODULES = YES;
				CLANG_ENABLE_OBJC_ARC = YES;
				CLANG_ENABLE_OBJC_WEAK = YES;
				CLANG_WARN_BLOCK_CAPTURE_AUTORELEASING = YES;
				CLANG_WARN_BOOL_CONVERSION = YES;
				CLANG_WARN_COMMA = YES;
				CLANG_WARN_CONSTANT_CONVERSION = YES;
				CLANG_WARN_DEPRECATED_OBJC_IMPLEMENTATIONS = YES;
				CLANG_WARN_DIRECT_OBJC_ISA_USAGE = YES_ERROR;
				CLANG_WARN_DOCUMENTATION_COMMENTS = YES;
				CLANG_WARN_EMPTY_BODY = YES;
				CLANG_WARN_ENUM_CONVERSION = YES;
				CLANG_WARN_INFINITE_RECURSION = YES;
				CLANG_WARN_INT_CONVERSION = YES;
				CLANG_WARN_NON_LITERAL_NULL_CONVERSION = YES;
				CLANG_WARN_OBJC_IMPLICIT_RETAIN_SELF = YES;
				CLANG_WARN_OBJC_LITERAL_CONVERSION = YES;
				CLANG_WARN_OBJC_ROOT_CLASS = YES_ERROR;
				CLANG_WARN_QUOTED_INCLUDE_IN_FRAMEWORK_HEADER = YES;
				CLANG_WARN_RANGE_LOOP_ANALYSIS = YES;
				CLANG_WARN_STRICT_PROTOTYPES = YES;
				CLANG_WARN_SUSPICIOUS_MOVE = YES;
				CLANG_WARN_UNGUARDED_AVAILABILITY = YES_AGGRESSIVE;
				CLANG_WARN_UNREACHABLE_CODE = YES;
				CLANG_WARN__DUPLICATE_METHOD_MATCH = YES;
				COPY_PHASE_STRIP = NO;
				DEBUG_INFORMATION_FORMAT = dwarf;
				ENABLE_STRICT_OBJC_MSGSEND = YES;
				ENABLE_TESTABILITY = YES;
				GCC_C_LANGUAGE_STANDARD = gnu11;
				GCC_DYNAMIC_NO_PIC = NO;
				GCC_NO_COMMON_BLOCKS = YES;
				GCC_OPTIMIZATION_LEVEL = 0;
				GCC_PREPROCESSOR_DEFINITIONS = (
					"DEBUG=1",
					"$(inherited)",
				);
				GCC_WARN_64_TO_32_BIT_CONVERSION = YES;
				GCC_WARN_ABOUT_RETURN_TYPE = YES_ERROR;
				GCC_WARN_UNDECLARED_SELECTOR = YES;
				GCC_WARN_UNINITIALIZED_AUTOS = YES_AGGRESSIVE;
				GCC_WARN_UNUSED_FUNCTION = YES;
				GCC_WARN_UNUSED_VARIABLE = YES;
				IPHONEOS_DEPLOYMENT_TARGET = 14.2;
				MTL_ENABLE_DEBUG_INFO = INCLUDE_SOURCE;
				MTL_FAST_MATH = YES;
				ONLY_ACTIVE_ARCH = YES;
				SDKROOT = iphoneos;
				SWIFT_ACTIVE_COMPILATION_CONDITIONS = "DEBUG MVP";
				SWIFT_OPTIMIZATION_LEVEL = "-Onone";
			};
			name = "Debug MVP";
		};
		A55828B92674FF3E00254183 /* Debug MVP */ = {
			isa = XCBuildConfiguration;
			buildSettings = {
				ASSETCATALOG_COMPILER_APPICON_NAME = AppIcon;
				ASSETCATALOG_COMPILER_GLOBAL_ACCENT_COLOR_NAME = AccentColor;
				CODE_SIGN_STYLE = Automatic;
				DEVELOPMENT_TEAM = GUF6JQVK4V;
				INFOPLIST_FILE = FluentInStructuralPatterns/Resources/Info.plist;
				LD_RUNPATH_SEARCH_PATHS = (
					"$(inherited)",
					"@executable_path/Frameworks",
				);
				PRODUCT_BUNDLE_IDENTIFIER = com.chsherbaksergey.FluentInStructuralPatterns;
				PRODUCT_NAME = "$(TARGET_NAME)";
				SWIFT_VERSION = 5.0;
				TARGETED_DEVICE_FAMILY = "1,2";
			};
			name = "Debug MVP";
		};
		A55828BA2674FF4900254183 /* Release MVP */ = {
			isa = XCBuildConfiguration;
			buildSettings = {
				ALWAYS_SEARCH_USER_PATHS = NO;
				CLANG_ANALYZER_NONNULL = YES;
				CLANG_ANALYZER_NUMBER_OBJECT_CONVERSION = YES_AGGRESSIVE;
				CLANG_CXX_LANGUAGE_STANDARD = "gnu++14";
				CLANG_CXX_LIBRARY = "libc++";
				CLANG_ENABLE_MODULES = YES;
				CLANG_ENABLE_OBJC_ARC = YES;
				CLANG_ENABLE_OBJC_WEAK = YES;
				CLANG_WARN_BLOCK_CAPTURE_AUTORELEASING = YES;
				CLANG_WARN_BOOL_CONVERSION = YES;
				CLANG_WARN_COMMA = YES;
				CLANG_WARN_CONSTANT_CONVERSION = YES;
				CLANG_WARN_DEPRECATED_OBJC_IMPLEMENTATIONS = YES;
				CLANG_WARN_DIRECT_OBJC_ISA_USAGE = YES_ERROR;
				CLANG_WARN_DOCUMENTATION_COMMENTS = YES;
				CLANG_WARN_EMPTY_BODY = YES;
				CLANG_WARN_ENUM_CONVERSION = YES;
				CLANG_WARN_INFINITE_RECURSION = YES;
				CLANG_WARN_INT_CONVERSION = YES;
				CLANG_WARN_NON_LITERAL_NULL_CONVERSION = YES;
				CLANG_WARN_OBJC_IMPLICIT_RETAIN_SELF = YES;
				CLANG_WARN_OBJC_LITERAL_CONVERSION = YES;
				CLANG_WARN_OBJC_ROOT_CLASS = YES_ERROR;
				CLANG_WARN_QUOTED_INCLUDE_IN_FRAMEWORK_HEADER = YES;
				CLANG_WARN_RANGE_LOOP_ANALYSIS = YES;
				CLANG_WARN_STRICT_PROTOTYPES = YES;
				CLANG_WARN_SUSPICIOUS_MOVE = YES;
				CLANG_WARN_UNGUARDED_AVAILABILITY = YES_AGGRESSIVE;
				CLANG_WARN_UNREACHABLE_CODE = YES;
				CLANG_WARN__DUPLICATE_METHOD_MATCH = YES;
				COPY_PHASE_STRIP = NO;
				DEBUG_INFORMATION_FORMAT = "dwarf-with-dsym";
				ENABLE_NS_ASSERTIONS = NO;
				ENABLE_STRICT_OBJC_MSGSEND = YES;
				GCC_C_LANGUAGE_STANDARD = gnu11;
				GCC_NO_COMMON_BLOCKS = YES;
				GCC_WARN_64_TO_32_BIT_CONVERSION = YES;
				GCC_WARN_ABOUT_RETURN_TYPE = YES_ERROR;
				GCC_WARN_UNDECLARED_SELECTOR = YES;
				GCC_WARN_UNINITIALIZED_AUTOS = YES_AGGRESSIVE;
				GCC_WARN_UNUSED_FUNCTION = YES;
				GCC_WARN_UNUSED_VARIABLE = YES;
				IPHONEOS_DEPLOYMENT_TARGET = 14.2;
				MTL_ENABLE_DEBUG_INFO = NO;
				MTL_FAST_MATH = YES;
				SDKROOT = iphoneos;
				SWIFT_ACTIVE_COMPILATION_CONDITIONS = MVP;
				SWIFT_COMPILATION_MODE = wholemodule;
				SWIFT_OPTIMIZATION_LEVEL = "-O";
				VALIDATE_PRODUCT = YES;
			};
			name = "Release MVP";
		};
		A55828BB2674FF4900254183 /* Release MVP */ = {
			isa = XCBuildConfiguration;
			buildSettings = {
				ASSETCATALOG_COMPILER_APPICON_NAME = AppIcon;
				ASSETCATALOG_COMPILER_GLOBAL_ACCENT_COLOR_NAME = AccentColor;
				CODE_SIGN_STYLE = Automatic;
				DEVELOPMENT_TEAM = GUF6JQVK4V;
				INFOPLIST_FILE = FluentInStructuralPatterns/Resources/Info.plist;
				LD_RUNPATH_SEARCH_PATHS = (
					"$(inherited)",
					"@executable_path/Frameworks",
				);
				PRODUCT_BUNDLE_IDENTIFIER = com.chsherbaksergey.FluentInStructuralPatterns;
				PRODUCT_NAME = "$(TARGET_NAME)";
				SWIFT_VERSION = 5.0;
				TARGETED_DEVICE_FAMILY = "1,2";
			};
			name = "Release MVP";
		};
		A5C8BC7B267FBFCE00A81589 /* Debug Adapter */ = {
			isa = XCBuildConfiguration;
			buildSettings = {
				ALWAYS_SEARCH_USER_PATHS = NO;
				CLANG_ANALYZER_NONNULL = YES;
				CLANG_ANALYZER_NUMBER_OBJECT_CONVERSION = YES_AGGRESSIVE;
				CLANG_CXX_LANGUAGE_STANDARD = "gnu++14";
				CLANG_CXX_LIBRARY = "libc++";
				CLANG_ENABLE_MODULES = YES;
				CLANG_ENABLE_OBJC_ARC = YES;
				CLANG_ENABLE_OBJC_WEAK = YES;
				CLANG_WARN_BLOCK_CAPTURE_AUTORELEASING = YES;
				CLANG_WARN_BOOL_CONVERSION = YES;
				CLANG_WARN_COMMA = YES;
				CLANG_WARN_CONSTANT_CONVERSION = YES;
				CLANG_WARN_DEPRECATED_OBJC_IMPLEMENTATIONS = YES;
				CLANG_WARN_DIRECT_OBJC_ISA_USAGE = YES_ERROR;
				CLANG_WARN_DOCUMENTATION_COMMENTS = YES;
				CLANG_WARN_EMPTY_BODY = YES;
				CLANG_WARN_ENUM_CONVERSION = YES;
				CLANG_WARN_INFINITE_RECURSION = YES;
				CLANG_WARN_INT_CONVERSION = YES;
				CLANG_WARN_NON_LITERAL_NULL_CONVERSION = YES;
				CLANG_WARN_OBJC_IMPLICIT_RETAIN_SELF = YES;
				CLANG_WARN_OBJC_LITERAL_CONVERSION = YES;
				CLANG_WARN_OBJC_ROOT_CLASS = YES_ERROR;
				CLANG_WARN_QUOTED_INCLUDE_IN_FRAMEWORK_HEADER = YES;
				CLANG_WARN_RANGE_LOOP_ANALYSIS = YES;
				CLANG_WARN_STRICT_PROTOTYPES = YES;
				CLANG_WARN_SUSPICIOUS_MOVE = YES;
				CLANG_WARN_UNGUARDED_AVAILABILITY = YES_AGGRESSIVE;
				CLANG_WARN_UNREACHABLE_CODE = YES;
				CLANG_WARN__DUPLICATE_METHOD_MATCH = YES;
				COPY_PHASE_STRIP = NO;
				DEBUG_INFORMATION_FORMAT = dwarf;
				ENABLE_STRICT_OBJC_MSGSEND = YES;
				ENABLE_TESTABILITY = YES;
				GCC_C_LANGUAGE_STANDARD = gnu11;
				GCC_DYNAMIC_NO_PIC = NO;
				GCC_NO_COMMON_BLOCKS = YES;
				GCC_OPTIMIZATION_LEVEL = 0;
				GCC_PREPROCESSOR_DEFINITIONS = (
					"DEBUG=1",
					"$(inherited)",
				);
				GCC_WARN_64_TO_32_BIT_CONVERSION = YES;
				GCC_WARN_ABOUT_RETURN_TYPE = YES_ERROR;
				GCC_WARN_UNDECLARED_SELECTOR = YES;
				GCC_WARN_UNINITIALIZED_AUTOS = YES_AGGRESSIVE;
				GCC_WARN_UNUSED_FUNCTION = YES;
				GCC_WARN_UNUSED_VARIABLE = YES;
				IPHONEOS_DEPLOYMENT_TARGET = 14.2;
				MTL_ENABLE_DEBUG_INFO = INCLUDE_SOURCE;
				MTL_FAST_MATH = YES;
				ONLY_ACTIVE_ARCH = YES;
				SDKROOT = iphoneos;
				SWIFT_ACTIVE_COMPILATION_CONDITIONS = "DEBUG ADAPTER";
				SWIFT_OPTIMIZATION_LEVEL = "-Onone";
			};
			name = "Debug Adapter";
		};
		A5C8BC7C267FBFCE00A81589 /* Debug Adapter */ = {
			isa = XCBuildConfiguration;
			buildSettings = {
				ASSETCATALOG_COMPILER_APPICON_NAME = AppIcon;
				ASSETCATALOG_COMPILER_GLOBAL_ACCENT_COLOR_NAME = AccentColor;
				CODE_SIGN_STYLE = Automatic;
				DEVELOPMENT_TEAM = GUF6JQVK4V;
				INFOPLIST_FILE = FluentInStructuralPatterns/Resources/Info.plist;
				LD_RUNPATH_SEARCH_PATHS = (
					"$(inherited)",
					"@executable_path/Frameworks",
				);
				PRODUCT_BUNDLE_IDENTIFIER = com.chsherbaksergey.FluentInStructuralPatterns;
				PRODUCT_NAME = "$(TARGET_NAME)";
				SWIFT_VERSION = 5.0;
				TARGETED_DEVICE_FAMILY = "1,2";
			};
			name = "Debug Adapter";
		};
		A5C8BC7D267FBFD800A81589 /* Release Adapter */ = {
			isa = XCBuildConfiguration;
			buildSettings = {
				ALWAYS_SEARCH_USER_PATHS = NO;
				CLANG_ANALYZER_NONNULL = YES;
				CLANG_ANALYZER_NUMBER_OBJECT_CONVERSION = YES_AGGRESSIVE;
				CLANG_CXX_LANGUAGE_STANDARD = "gnu++14";
				CLANG_CXX_LIBRARY = "libc++";
				CLANG_ENABLE_MODULES = YES;
				CLANG_ENABLE_OBJC_ARC = YES;
				CLANG_ENABLE_OBJC_WEAK = YES;
				CLANG_WARN_BLOCK_CAPTURE_AUTORELEASING = YES;
				CLANG_WARN_BOOL_CONVERSION = YES;
				CLANG_WARN_COMMA = YES;
				CLANG_WARN_CONSTANT_CONVERSION = YES;
				CLANG_WARN_DEPRECATED_OBJC_IMPLEMENTATIONS = YES;
				CLANG_WARN_DIRECT_OBJC_ISA_USAGE = YES_ERROR;
				CLANG_WARN_DOCUMENTATION_COMMENTS = YES;
				CLANG_WARN_EMPTY_BODY = YES;
				CLANG_WARN_ENUM_CONVERSION = YES;
				CLANG_WARN_INFINITE_RECURSION = YES;
				CLANG_WARN_INT_CONVERSION = YES;
				CLANG_WARN_NON_LITERAL_NULL_CONVERSION = YES;
				CLANG_WARN_OBJC_IMPLICIT_RETAIN_SELF = YES;
				CLANG_WARN_OBJC_LITERAL_CONVERSION = YES;
				CLANG_WARN_OBJC_ROOT_CLASS = YES_ERROR;
				CLANG_WARN_QUOTED_INCLUDE_IN_FRAMEWORK_HEADER = YES;
				CLANG_WARN_RANGE_LOOP_ANALYSIS = YES;
				CLANG_WARN_STRICT_PROTOTYPES = YES;
				CLANG_WARN_SUSPICIOUS_MOVE = YES;
				CLANG_WARN_UNGUARDED_AVAILABILITY = YES_AGGRESSIVE;
				CLANG_WARN_UNREACHABLE_CODE = YES;
				CLANG_WARN__DUPLICATE_METHOD_MATCH = YES;
				COPY_PHASE_STRIP = NO;
				DEBUG_INFORMATION_FORMAT = "dwarf-with-dsym";
				ENABLE_NS_ASSERTIONS = NO;
				ENABLE_STRICT_OBJC_MSGSEND = YES;
				GCC_C_LANGUAGE_STANDARD = gnu11;
				GCC_NO_COMMON_BLOCKS = YES;
				GCC_WARN_64_TO_32_BIT_CONVERSION = YES;
				GCC_WARN_ABOUT_RETURN_TYPE = YES_ERROR;
				GCC_WARN_UNDECLARED_SELECTOR = YES;
				GCC_WARN_UNINITIALIZED_AUTOS = YES_AGGRESSIVE;
				GCC_WARN_UNUSED_FUNCTION = YES;
				GCC_WARN_UNUSED_VARIABLE = YES;
				IPHONEOS_DEPLOYMENT_TARGET = 14.2;
				MTL_ENABLE_DEBUG_INFO = NO;
				MTL_FAST_MATH = YES;
				SDKROOT = iphoneos;
				SWIFT_ACTIVE_COMPILATION_CONDITIONS = ADAPTER;
				SWIFT_COMPILATION_MODE = wholemodule;
				SWIFT_OPTIMIZATION_LEVEL = "-O";
				VALIDATE_PRODUCT = YES;
			};
			name = "Release Adapter";
		};
		A5C8BC7E267FBFD800A81589 /* Release Adapter */ = {
			isa = XCBuildConfiguration;
			buildSettings = {
				ASSETCATALOG_COMPILER_APPICON_NAME = AppIcon;
				ASSETCATALOG_COMPILER_GLOBAL_ACCENT_COLOR_NAME = AccentColor;
				CODE_SIGN_STYLE = Automatic;
				DEVELOPMENT_TEAM = GUF6JQVK4V;
				INFOPLIST_FILE = FluentInStructuralPatterns/Resources/Info.plist;
				LD_RUNPATH_SEARCH_PATHS = (
					"$(inherited)",
					"@executable_path/Frameworks",
				);
				PRODUCT_BUNDLE_IDENTIFIER = com.chsherbaksergey.FluentInStructuralPatterns;
				PRODUCT_NAME = "$(TARGET_NAME)";
				SWIFT_VERSION = 5.0;
				TARGETED_DEVICE_FAMILY = "1,2";
			};
			name = "Release Adapter";
		};
/* End XCBuildConfiguration section */

/* Begin XCConfigurationList section */
		A55817622673C8B900FAEFA8 /* Build configuration list for PBXProject "FluentInStructuralPatterns" */ = {
			isa = XCConfigurationList;
			buildConfigurations = (
				A55817792673C8BD00FAEFA8 /* Debug */,
				A5C8BC7B267FBFCE00A81589 /* Debug Adapter */,
				A55828B82674FF3E00254183 /* Debug MVP */,
				A55828B42674FF2000254183 /* Debug MVVM */,
				A558177A2673C8BD00FAEFA8 /* Release */,
				A5C8BC7D267FBFD800A81589 /* Release Adapter */,
				A55828BA2674FF4900254183 /* Release MVP */,
				A55828B62674FF3700254183 /* Release MVVM */,
			);
			defaultConfigurationIsVisible = 0;
			defaultConfigurationName = Release;
		};
		A558177B2673C8BD00FAEFA8 /* Build configuration list for PBXNativeTarget "FluentInStructuralPatterns" */ = {
			isa = XCConfigurationList;
			buildConfigurations = (
				A558177C2673C8BD00FAEFA8 /* Debug */,
				A5C8BC7C267FBFCE00A81589 /* Debug Adapter */,
				A55828B92674FF3E00254183 /* Debug MVP */,
				A55828B52674FF2000254183 /* Debug MVVM */,
				A558177D2673C8BD00FAEFA8 /* Release */,
				A5C8BC7E267FBFD800A81589 /* Release Adapter */,
				A55828BB2674FF4900254183 /* Release MVP */,
				A55828B72674FF3700254183 /* Release MVVM */,
			);
			defaultConfigurationIsVisible = 0;
			defaultConfigurationName = Release;
		};
/* End XCConfigurationList section */
	};
	rootObject = A558175F2673C8B900FAEFA8 /* Project object */;
}
